// !$*UTF8*$!
{
	archiveVersion = 1;
	classes = {
	};
	objectVersion = 56;
	objects = {

/* Begin PBXBuildFile section */
		0A1611022BF6AE18001EBC04 /* ViewAchievements.swift in Sources */ = {isa = PBXBuildFile; fileRef = 0A1611012BF6AE18001EBC04 /* ViewAchievements.swift */; };
		0AF7CF582BDC1375004A60D0 /* AuthentificationToken.swift in Sources */ = {isa = PBXBuildFile; fileRef = 0AF7CF572BDC1375004A60D0 /* AuthentificationToken.swift */; };
		CD04FCBB2BBEC1B200041725 /* LoginView.swift in Sources */ = {isa = PBXBuildFile; fileRef = CD04FCBA2BBEC1B200041725 /* LoginView.swift */; };
		CD04FCC02BBF528D00041725 /* ViewStats.swift in Sources */ = {isa = PBXBuildFile; fileRef = CD04FCBF2BBF528D00041725 /* ViewStats.swift */; };
		CD04FCC22BBF52B100041725 /* ViewProfile.swift in Sources */ = {isa = PBXBuildFile; fileRef = CD04FCC12BBF52B100041725 /* ViewProfile.swift */; };
		CD04FCC42BBF52BF00041725 /* ViewSettings.swift in Sources */ = {isa = PBXBuildFile; fileRef = CD04FCC32BBF52BF00041725 /* ViewSettings.swift */; };
		CD04FCC62BBFE4DE00041725 /* Präsentation.swift in Sources */ = {isa = PBXBuildFile; fileRef = CD04FCC52BBFE4DE00041725 /* Präsentation.swift */; };
		CD04FCC92BCEB18900041725 /* MKMapRep.swift in Sources */ = {isa = PBXBuildFile; fileRef = CD04FCC82BCEB18900041725 /* MKMapRep.swift */; };
		CD04FCCB2BCEB1DD00041725 /* MapViewModel.swift in Sources */ = {isa = PBXBuildFile; fileRef = CD04FCCA2BCEB1DD00041725 /* MapViewModel.swift */; };
		CD51D4902BDFDCA60007991C /* ResetPwView.swift in Sources */ = {isa = PBXBuildFile; fileRef = CD51D48F2BDFDCA60007991C /* ResetPwView.swift */; };
		CD51D4962BE01B540007991C /* ChangePwView.swift in Sources */ = {isa = PBXBuildFile; fileRef = CD51D4952BE01B540007991C /* ChangePwView.swift */; };
		CD6D8B162BD8393C00675366 /* RegisterView.swift in Sources */ = {isa = PBXBuildFile; fileRef = CD6D8B152BD8393C00675366 /* RegisterView.swift */; };
		CD8530DD2BD7D67F00FCE522 /* ProgressBar.swift in Sources */ = {isa = PBXBuildFile; fileRef = CD8530DC2BD7D67F00FCE522 /* ProgressBar.swift */; };
		CD8760812BD83E4000F51B31 /* ViewMapOld.swift in Sources */ = {isa = PBXBuildFile; fileRef = CD87607F2BD83E4000F51B31 /* ViewMapOld.swift */; };
		CD8760822BD83E4000F51B31 /* ViewMapNew.swift in Sources */ = {isa = PBXBuildFile; fileRef = CD8760802BD83E4000F51B31 /* ViewMapNew.swift */; };
		CD8760872BD92AC600F51B31 /* MapTypeSettings.swift in Sources */ = {isa = PBXBuildFile; fileRef = CD8760862BD92AC600F51B31 /* MapTypeSettings.swift */; };
		CDA7CC982BA9039A00078822 /* TrailblazerApp.swift in Sources */ = {isa = PBXBuildFile; fileRef = CDA7CC972BA9039A00078822 /* TrailblazerApp.swift */; };
		CDA7CC9A2BA9039A00078822 /* ContentView.swift in Sources */ = {isa = PBXBuildFile; fileRef = CDA7CC992BA9039A00078822 /* ContentView.swift */; };
		CDA7CC9C2BA9039B00078822 /* Assets.xcassets in Resources */ = {isa = PBXBuildFile; fileRef = CDA7CC9B2BA9039B00078822 /* Assets.xcassets */; };
		CDA7CC9F2BA9039B00078822 /* Preview Assets.xcassets in Resources */ = {isa = PBXBuildFile; fileRef = CDA7CC9E2BA9039B00078822 /* Preview Assets.xcassets */; };
		CDC399422BE9197F0061E755 /* Example.swift in Sources */ = {isa = PBXBuildFile; fileRef = CDC399412BE9197F0061E755 /* Example.swift */; };
		CDD2EFD92BAA3908008D9422 /* ContenViewModel.swift in Sources */ = {isa = PBXBuildFile; fileRef = CDD2EFD82BAA3908008D9422 /* ContenViewModel.swift */; };
/* End PBXBuildFile section */

/* Begin PBXFileReference section */
		0A1611012BF6AE18001EBC04 /* ViewAchievements.swift */ = {isa = PBXFileReference; lastKnownFileType = sourcecode.swift; name = ViewAchievements.swift; path = ../../../Trailblazer/Trailblazer/Views/ViewAchievements.swift; sourceTree = "<group>"; };
		0AF7CF572BDC1375004A60D0 /* AuthentificationToken.swift */ = {isa = PBXFileReference; lastKnownFileType = sourcecode.swift; path = AuthentificationToken.swift; sourceTree = "<group>"; };
		CD04FCBA2BBEC1B200041725 /* LoginView.swift */ = {isa = PBXFileReference; lastKnownFileType = sourcecode.swift; path = LoginView.swift; sourceTree = "<group>"; };
		CD04FCBF2BBF528D00041725 /* ViewStats.swift */ = {isa = PBXFileReference; lastKnownFileType = sourcecode.swift; path = ViewStats.swift; sourceTree = "<group>"; };
		CD04FCC12BBF52B100041725 /* ViewProfile.swift */ = {isa = PBXFileReference; lastKnownFileType = sourcecode.swift; path = ViewProfile.swift; sourceTree = "<group>"; };
		CD04FCC32BBF52BF00041725 /* ViewSettings.swift */ = {isa = PBXFileReference; lastKnownFileType = sourcecode.swift; path = ViewSettings.swift; sourceTree = "<group>"; };
		CD04FCC52BBFE4DE00041725 /* Präsentation.swift */ = {isa = PBXFileReference; lastKnownFileType = sourcecode.swift; path = "Präsentation.swift"; sourceTree = "<group>"; };
		CD04FCC82BCEB18900041725 /* MKMapRep.swift */ = {isa = PBXFileReference; lastKnownFileType = sourcecode.swift; path = MKMapRep.swift; sourceTree = "<group>"; };
		CD04FCCA2BCEB1DD00041725 /* MapViewModel.swift */ = {isa = PBXFileReference; lastKnownFileType = sourcecode.swift; path = MapViewModel.swift; sourceTree = "<group>"; };
		CD51D48F2BDFDCA60007991C /* ResetPwView.swift */ = {isa = PBXFileReference; lastKnownFileType = sourcecode.swift; path = ResetPwView.swift; sourceTree = "<group>"; };
		CD51D4952BE01B540007991C /* ChangePwView.swift */ = {isa = PBXFileReference; lastKnownFileType = sourcecode.swift; path = ChangePwView.swift; sourceTree = "<group>"; };
		CD6D8B152BD8393C00675366 /* RegisterView.swift */ = {isa = PBXFileReference; lastKnownFileType = sourcecode.swift; path = RegisterView.swift; sourceTree = "<group>"; };
		CD8530DC2BD7D67F00FCE522 /* ProgressBar.swift */ = {isa = PBXFileReference; lastKnownFileType = sourcecode.swift; path = ProgressBar.swift; sourceTree = "<group>"; };
		CD87607F2BD83E4000F51B31 /* ViewMapOld.swift */ = {isa = PBXFileReference; fileEncoding = 4; lastKnownFileType = sourcecode.swift; path = ViewMapOld.swift; sourceTree = "<group>"; };
		CD8760802BD83E4000F51B31 /* ViewMapNew.swift */ = {isa = PBXFileReference; fileEncoding = 4; lastKnownFileType = sourcecode.swift; path = ViewMapNew.swift; sourceTree = "<group>"; };
		CD8760862BD92AC600F51B31 /* MapTypeSettings.swift */ = {isa = PBXFileReference; lastKnownFileType = sourcecode.swift; path = MapTypeSettings.swift; sourceTree = "<group>"; };
		CDA7CC942BA9039A00078822 /* Trailblazer.app */ = {isa = PBXFileReference; explicitFileType = wrapper.application; includeInIndex = 0; path = Trailblazer.app; sourceTree = BUILT_PRODUCTS_DIR; };
		CDA7CC972BA9039A00078822 /* TrailblazerApp.swift */ = {isa = PBXFileReference; lastKnownFileType = sourcecode.swift; path = TrailblazerApp.swift; sourceTree = "<group>"; };
		CDA7CC992BA9039A00078822 /* ContentView.swift */ = {isa = PBXFileReference; lastKnownFileType = sourcecode.swift; path = ContentView.swift; sourceTree = "<group>"; };
		CDA7CC9B2BA9039B00078822 /* Assets.xcassets */ = {isa = PBXFileReference; lastKnownFileType = folder.assetcatalog; path = Assets.xcassets; sourceTree = "<group>"; };
		CDA7CC9E2BA9039B00078822 /* Preview Assets.xcassets */ = {isa = PBXFileReference; lastKnownFileType = folder.assetcatalog; path = "Preview Assets.xcassets"; sourceTree = "<group>"; };
		CDC399412BE9197F0061E755 /* Example.swift */ = {isa = PBXFileReference; lastKnownFileType = sourcecode.swift; path = Example.swift; sourceTree = "<group>"; };
		CDD2EFD82BAA3908008D9422 /* ContenViewModel.swift */ = {isa = PBXFileReference; lastKnownFileType = sourcecode.swift; path = ContenViewModel.swift; sourceTree = "<group>"; };
/* End PBXFileReference section */

/* Begin PBXFrameworksBuildPhase section */
		CDA7CC912BA9039A00078822 /* Frameworks */ = {
			isa = PBXFrameworksBuildPhase;
			buildActionMask = 2147483647;
			files = (
			);
			runOnlyForDeploymentPostprocessing = 0;
		};
/* End PBXFrameworksBuildPhase section */

/* Begin PBXGroup section */
		CD04FCBC2BBF523900041725 /* Views */ = {
			isa = PBXGroup;
			children = (
				CD04FCBA2BBEC1B200041725 /* LoginView.swift */,
				CD6D8B152BD8393C00675366 /* RegisterView.swift */,
				CD8760802BD83E4000F51B31 /* ViewMapNew.swift */,
				CD04FCBF2BBF528D00041725 /* ViewStats.swift */,
				CD04FCC12BBF52B100041725 /* ViewProfile.swift */,
				CD04FCC32BBF52BF00041725 /* ViewSettings.swift */,
				CD51D48F2BDFDCA60007991C /* ResetPwView.swift */,
				CD51D4952BE01B540007991C /* ChangePwView.swift */,
				0A1611012BF6AE18001EBC04 /* ViewAchievements.swift */,
			);
			path = Views;
			sourceTree = "<group>";
		};
		CD04FCC72BCEB17000041725 /* MapKit */ = {
			isa = PBXGroup;
			children = (
				CD04FCC82BCEB18900041725 /* MKMapRep.swift */,
				CD04FCCA2BCEB1DD00041725 /* MapViewModel.swift */,
				CDC399412BE9197F0061E755 /* Example.swift */,
			);
			path = MapKit;
			sourceTree = "<group>";
		};
		CD8760832BD83EF200F51B31 /* trash */ = {
			isa = PBXGroup;
			children = (
				CD87607F2BD83E4000F51B31 /* ViewMapOld.swift */,
				CDD2EFD82BAA3908008D9422 /* ContenViewModel.swift */,
				CD04FCC52BBFE4DE00041725 /* Präsentation.swift */,
				CDA7CC9D2BA9039B00078822 /* Preview Content */,
			);
			path = trash;
			sourceTree = "<group>";
		};
		CDA7CC8B2BA9039A00078822 = {
			isa = PBXGroup;
			children = (
				CDA7CC962BA9039A00078822 /* Trailblazer */,
				CDA7CC952BA9039A00078822 /* Products */,
			);
			sourceTree = "<group>";
		};
		CDA7CC952BA9039A00078822 /* Products */ = {
			isa = PBXGroup;
			children = (
				CDA7CC942BA9039A00078822 /* Trailblazer.app */,
			);
			name = Products;
			sourceTree = "<group>";
		};
		CDA7CC962BA9039A00078822 /* Trailblazer */ = {
			isa = PBXGroup;
			children = (
				CD8760832BD83EF200F51B31 /* trash */,
				CD04FCC72BCEB17000041725 /* MapKit */,
				CDA7CC972BA9039A00078822 /* TrailblazerApp.swift */,
				CDA7CC992BA9039A00078822 /* ContentView.swift */,
				CDA7CC9B2BA9039B00078822 /* Assets.xcassets */,
				CD04FCBC2BBF523900041725 /* Views */,
				CD8530DC2BD7D67F00FCE522 /* ProgressBar.swift */,
				CD8760862BD92AC600F51B31 /* MapTypeSettings.swift */,
				0AF7CF572BDC1375004A60D0 /* AuthentificationToken.swift */,
			);
			path = Trailblazer;
			sourceTree = "<group>";
		};
		CDA7CC9D2BA9039B00078822 /* Preview Content */ = {
			isa = PBXGroup;
			children = (
				CDA7CC9E2BA9039B00078822 /* Preview Assets.xcassets */,
			);
			path = "Preview Content";
			sourceTree = "<group>";
		};
/* End PBXGroup section */

/* Begin PBXNativeTarget section */
		CDA7CC932BA9039A00078822 /* Trailblazer */ = {
			isa = PBXNativeTarget;
			buildConfigurationList = CDA7CCA22BA9039B00078822 /* Build configuration list for PBXNativeTarget "Trailblazer" */;
			buildPhases = (
				CDA7CC902BA9039A00078822 /* Sources */,
				CDA7CC912BA9039A00078822 /* Frameworks */,
				CDA7CC922BA9039A00078822 /* Resources */,
			);
			buildRules = (
			);
			dependencies = (
			);
			name = Trailblazer;
			productName = Trailblazer;
			productReference = CDA7CC942BA9039A00078822 /* Trailblazer.app */;
			productType = "com.apple.product-type.application";
		};
/* End PBXNativeTarget section */

/* Begin PBXProject section */
		CDA7CC8C2BA9039A00078822 /* Project object */ = {
			isa = PBXProject;
			attributes = {
				BuildIndependentTargetsInParallel = 1;
				LastSwiftUpdateCheck = 1530;
				LastUpgradeCheck = 1530;
				TargetAttributes = {
					CDA7CC932BA9039A00078822 = {
						CreatedOnToolsVersion = 15.3;
					};
				};
			};
			buildConfigurationList = CDA7CC8F2BA9039A00078822 /* Build configuration list for PBXProject "Trailblazer" */;
			compatibilityVersion = "Xcode 14.0";
			developmentRegion = en;
			hasScannedForEncodings = 0;
			knownRegions = (
				en,
				Base,
			);
			mainGroup = CDA7CC8B2BA9039A00078822;
			productRefGroup = CDA7CC952BA9039A00078822 /* Products */;
			projectDirPath = "";
			projectRoot = "";
			targets = (
				CDA7CC932BA9039A00078822 /* Trailblazer */,
			);
		};
/* End PBXProject section */

/* Begin PBXResourcesBuildPhase section */
		CDA7CC922BA9039A00078822 /* Resources */ = {
			isa = PBXResourcesBuildPhase;
			buildActionMask = 2147483647;
			files = (
				CDA7CC9F2BA9039B00078822 /* Preview Assets.xcassets in Resources */,
				CDA7CC9C2BA9039B00078822 /* Assets.xcassets in Resources */,
			);
			runOnlyForDeploymentPostprocessing = 0;
		};
/* End PBXResourcesBuildPhase section */

/* Begin PBXSourcesBuildPhase section */
		CDA7CC902BA9039A00078822 /* Sources */ = {
			isa = PBXSourcesBuildPhase;
			buildActionMask = 2147483647;
			files = (
				CDD2EFD92BAA3908008D9422 /* ContenViewModel.swift in Sources */,
				CD04FCC42BBF52BF00041725 /* ViewSettings.swift in Sources */,
				CD6D8B162BD8393C00675366 /* RegisterView.swift in Sources */,
				CD8760872BD92AC600F51B31 /* MapTypeSettings.swift in Sources */,
				CDC399422BE9197F0061E755 /* Example.swift in Sources */,
				CDA7CC9A2BA9039A00078822 /* ContentView.swift in Sources */,
				0AF7CF582BDC1375004A60D0 /* AuthentificationToken.swift in Sources */,
				CD51D4902BDFDCA60007991C /* ResetPwView.swift in Sources */,
				CD04FCBB2BBEC1B200041725 /* LoginView.swift in Sources */,
				CD04FCC02BBF528D00041725 /* ViewStats.swift in Sources */,
				CD04FCCB2BCEB1DD00041725 /* MapViewModel.swift in Sources */,
				CD04FCC92BCEB18900041725 /* MKMapRep.swift in Sources */,
				CD04FCC62BBFE4DE00041725 /* Präsentation.swift in Sources */,
				CD8530DD2BD7D67F00FCE522 /* ProgressBar.swift in Sources */,
				CD51D4962BE01B540007991C /* ChangePwView.swift in Sources */,
				CD04FCC22BBF52B100041725 /* ViewProfile.swift in Sources */,
				CD8760812BD83E4000F51B31 /* ViewMapOld.swift in Sources */,
				CD8760822BD83E4000F51B31 /* ViewMapNew.swift in Sources */,
				0A1611022BF6AE18001EBC04 /* ViewAchievements.swift in Sources */,
				CDA7CC982BA9039A00078822 /* TrailblazerApp.swift in Sources */,
			);
			runOnlyForDeploymentPostprocessing = 0;
		};
/* End PBXSourcesBuildPhase section */

/* Begin XCBuildConfiguration section */
		CDA7CCA02BA9039B00078822 /* Debug */ = {
			isa = XCBuildConfiguration;
			buildSettings = {
				ALWAYS_SEARCH_USER_PATHS = NO;
				ASSETCATALOG_COMPILER_GENERATE_SWIFT_ASSET_SYMBOL_EXTENSIONS = YES;
				CLANG_ANALYZER_NONNULL = YES;
				CLANG_ANALYZER_NUMBER_OBJECT_CONVERSION = YES_AGGRESSIVE;
				CLANG_CXX_LANGUAGE_STANDARD = "gnu++20";
				CLANG_ENABLE_MODULES = YES;
				CLANG_ENABLE_OBJC_ARC = YES;
				CLANG_ENABLE_OBJC_WEAK = YES;
				CLANG_WARN_BLOCK_CAPTURE_AUTORELEASING = YES;
				CLANG_WARN_BOOL_CONVERSION = YES;
				CLANG_WARN_COMMA = YES;
				CLANG_WARN_CONSTANT_CONVERSION = YES;
				CLANG_WARN_DEPRECATED_OBJC_IMPLEMENTATIONS = YES;
				CLANG_WARN_DIRECT_OBJC_ISA_USAGE = YES_ERROR;
				CLANG_WARN_DOCUMENTATION_COMMENTS = YES;
				CLANG_WARN_EMPTY_BODY = YES;
				CLANG_WARN_ENUM_CONVERSION = YES;
				CLANG_WARN_INFINITE_RECURSION = YES;
				CLANG_WARN_INT_CONVERSION = YES;
				CLANG_WARN_NON_LITERAL_NULL_CONVERSION = YES;
				CLANG_WARN_OBJC_IMPLICIT_RETAIN_SELF = YES;
				CLANG_WARN_OBJC_LITERAL_CONVERSION = YES;
				CLANG_WARN_OBJC_ROOT_CLASS = YES_ERROR;
				CLANG_WARN_QUOTED_INCLUDE_IN_FRAMEWORK_HEADER = YES;
				CLANG_WARN_RANGE_LOOP_ANALYSIS = YES;
				CLANG_WARN_STRICT_PROTOTYPES = YES;
				CLANG_WARN_SUSPICIOUS_MOVE = YES;
				CLANG_WARN_UNGUARDED_AVAILABILITY = YES_AGGRESSIVE;
				CLANG_WARN_UNREACHABLE_CODE = YES;
				CLANG_WARN__DUPLICATE_METHOD_MATCH = YES;
				COPY_PHASE_STRIP = NO;
				DEBUG_INFORMATION_FORMAT = dwarf;
				ENABLE_STRICT_OBJC_MSGSEND = YES;
				ENABLE_TESTABILITY = YES;
				ENABLE_USER_SCRIPT_SANDBOXING = YES;
				GCC_C_LANGUAGE_STANDARD = gnu17;
				GCC_DYNAMIC_NO_PIC = NO;
				GCC_NO_COMMON_BLOCKS = YES;
				GCC_OPTIMIZATION_LEVEL = 0;
				GCC_PREPROCESSOR_DEFINITIONS = (
					"DEBUG=1",
					"$(inherited)",
				);
				GCC_WARN_64_TO_32_BIT_CONVERSION = YES;
				GCC_WARN_ABOUT_RETURN_TYPE = YES_ERROR;
				GCC_WARN_UNDECLARED_SELECTOR = YES;
				GCC_WARN_UNINITIALIZED_AUTOS = YES_AGGRESSIVE;
				GCC_WARN_UNUSED_FUNCTION = YES;
				GCC_WARN_UNUSED_VARIABLE = YES;
				IPHONEOS_DEPLOYMENT_TARGET = 17.4;
				LOCALIZATION_PREFERS_STRING_CATALOGS = YES;
				MTL_ENABLE_DEBUG_INFO = INCLUDE_SOURCE;
				MTL_FAST_MATH = YES;
				ONLY_ACTIVE_ARCH = YES;
				SDKROOT = iphoneos;
				SWIFT_ACTIVE_COMPILATION_CONDITIONS = "DEBUG $(inherited)";
				SWIFT_OPTIMIZATION_LEVEL = "-Onone";
			};
			name = Debug;
		};
		CDA7CCA12BA9039B00078822 /* Release */ = {
			isa = XCBuildConfiguration;
			buildSettings = {
				ALWAYS_SEARCH_USER_PATHS = NO;
				ASSETCATALOG_COMPILER_GENERATE_SWIFT_ASSET_SYMBOL_EXTENSIONS = YES;
				CLANG_ANALYZER_NONNULL = YES;
				CLANG_ANALYZER_NUMBER_OBJECT_CONVERSION = YES_AGGRESSIVE;
				CLANG_CXX_LANGUAGE_STANDARD = "gnu++20";
				CLANG_ENABLE_MODULES = YES;
				CLANG_ENABLE_OBJC_ARC = YES;
				CLANG_ENABLE_OBJC_WEAK = YES;
				CLANG_WARN_BLOCK_CAPTURE_AUTORELEASING = YES;
				CLANG_WARN_BOOL_CONVERSION = YES;
				CLANG_WARN_COMMA = YES;
				CLANG_WARN_CONSTANT_CONVERSION = YES;
				CLANG_WARN_DEPRECATED_OBJC_IMPLEMENTATIONS = YES;
				CLANG_WARN_DIRECT_OBJC_ISA_USAGE = YES_ERROR;
				CLANG_WARN_DOCUMENTATION_COMMENTS = YES;
				CLANG_WARN_EMPTY_BODY = YES;
				CLANG_WARN_ENUM_CONVERSION = YES;
				CLANG_WARN_INFINITE_RECURSION = YES;
				CLANG_WARN_INT_CONVERSION = YES;
				CLANG_WARN_NON_LITERAL_NULL_CONVERSION = YES;
				CLANG_WARN_OBJC_IMPLICIT_RETAIN_SELF = YES;
				CLANG_WARN_OBJC_LITERAL_CONVERSION = YES;
				CLANG_WARN_OBJC_ROOT_CLASS = YES_ERROR;
				CLANG_WARN_QUOTED_INCLUDE_IN_FRAMEWORK_HEADER = YES;
				CLANG_WARN_RANGE_LOOP_ANALYSIS = YES;
				CLANG_WARN_STRICT_PROTOTYPES = YES;
				CLANG_WARN_SUSPICIOUS_MOVE = YES;
				CLANG_WARN_UNGUARDED_AVAILABILITY = YES_AGGRESSIVE;
				CLANG_WARN_UNREACHABLE_CODE = YES;
				CLANG_WARN__DUPLICATE_METHOD_MATCH = YES;
				COPY_PHASE_STRIP = NO;
				DEBUG_INFORMATION_FORMAT = "dwarf-with-dsym";
				ENABLE_NS_ASSERTIONS = NO;
				ENABLE_STRICT_OBJC_MSGSEND = YES;
				ENABLE_USER_SCRIPT_SANDBOXING = YES;
				GCC_C_LANGUAGE_STANDARD = gnu17;
				GCC_NO_COMMON_BLOCKS = YES;
				GCC_WARN_64_TO_32_BIT_CONVERSION = YES;
				GCC_WARN_ABOUT_RETURN_TYPE = YES_ERROR;
				GCC_WARN_UNDECLARED_SELECTOR = YES;
				GCC_WARN_UNINITIALIZED_AUTOS = YES_AGGRESSIVE;
				GCC_WARN_UNUSED_FUNCTION = YES;
				GCC_WARN_UNUSED_VARIABLE = YES;
				IPHONEOS_DEPLOYMENT_TARGET = 17.4;
				LOCALIZATION_PREFERS_STRING_CATALOGS = YES;
				MTL_ENABLE_DEBUG_INFO = NO;
				MTL_FAST_MATH = YES;
				SDKROOT = iphoneos;
				SWIFT_COMPILATION_MODE = wholemodule;
				VALIDATE_PRODUCT = YES;
			};
			name = Release;
		};
		CDA7CCA32BA9039B00078822 /* Debug */ = {
			isa = XCBuildConfiguration;
			buildSettings = {
				ASSETCATALOG_COMPILER_APPICON_NAME = AppIcon;
				ASSETCATALOG_COMPILER_GLOBAL_ACCENT_COLOR_NAME = AccentColor;
				CODE_SIGN_IDENTITY = "Apple Development";
				CODE_SIGN_STYLE = Automatic;
				CURRENT_PROJECT_VERSION = 1;
				DEVELOPMENT_ASSET_PATHS = "\"Trailblazer/trash/Preview Content\"";
				DEVELOPMENT_TEAM = D66TPQT35A;
				ENABLE_PREVIEWS = YES;
				GENERATE_INFOPLIST_FILE = YES;
				INFOPLIST_FILE = Trailblazer/Info.plist;
				INFOPLIST_KEY_CFBundleDisplayName = "";
				INFOPLIST_KEY_LSApplicationCategoryType = "";
				INFOPLIST_KEY_NSLocationWhenInUseUsageDescription = "Es wird Zugriff auf die Position zur Kartendarstellung benötigt";
				INFOPLIST_KEY_NSPhotoLibraryUsageDescription = "Es wird Zugriff auf die Galerie benötigt";
				INFOPLIST_KEY_UIApplicationSceneManifest_Generation = YES;
				INFOPLIST_KEY_UIApplicationSupportsIndirectInputEvents = YES;
				INFOPLIST_KEY_UILaunchScreen_Generation = YES;
				INFOPLIST_KEY_UISupportedInterfaceOrientations_iPad = "UIInterfaceOrientationPortrait UIInterfaceOrientationPortraitUpsideDown UIInterfaceOrientationLandscapeLeft UIInterfaceOrientationLandscapeRight";
				INFOPLIST_KEY_UISupportedInterfaceOrientations_iPhone = "UIInterfaceOrientationPortrait UIInterfaceOrientationLandscapeLeft UIInterfaceOrientationLandscapeRight";
				LD_RUNPATH_SEARCH_PATHS = (
					"$(inherited)",
					"@executable_path/Frameworks",
				);
				MARKETING_VERSION = 1.0;
				PRODUCT_BUNDLE_IDENTIFIER = com.DennisHeine.Trailblazer;
				PRODUCT_NAME = "$(TARGET_NAME)";
				PROVISIONING_PROFILE_SPECIFIER = "";
				SWIFT_EMIT_LOC_STRINGS = YES;
				SWIFT_VERSION = 5.0;
				TARGETED_DEVICE_FAMILY = "1,2";
			};
			name = Debug;
		};
		CDA7CCA42BA9039B00078822 /* Release */ = {
			isa = XCBuildConfiguration;
			buildSettings = {
				ASSETCATALOG_COMPILER_APPICON_NAME = AppIcon;
				ASSETCATALOG_COMPILER_GLOBAL_ACCENT_COLOR_NAME = AccentColor;
				CODE_SIGN_STYLE = Automatic;
				CURRENT_PROJECT_VERSION = 1;
				DEVELOPMENT_ASSET_PATHS = "\"Trailblazer/trash/Preview Content\"";
				DEVELOPMENT_TEAM = D66TPQT35A;
				ENABLE_PREVIEWS = YES;
				GENERATE_INFOPLIST_FILE = YES;
				INFOPLIST_FILE = Trailblazer/Info.plist;
				INFOPLIST_KEY_CFBundleDisplayName = "";
				INFOPLIST_KEY_LSApplicationCategoryType = "";
				INFOPLIST_KEY_NSLocationWhenInUseUsageDescription = "Es wird Zugriff auf die Position zur Kartendarstellung benötigt";
				INFOPLIST_KEY_NSPhotoLibraryUsageDescription = "Es wird Zugriff auf die Galerie benötigt";
				INFOPLIST_KEY_UIApplicationSceneManifest_Generation = YES;
				INFOPLIST_KEY_UIApplicationSupportsIndirectInputEvents = YES;
				INFOPLIST_KEY_UILaunchScreen_Generation = YES;
				INFOPLIST_KEY_UISupportedInterfaceOrientations_iPad = "UIInterfaceOrientationPortrait UIInterfaceOrientationPortraitUpsideDown UIInterfaceOrientationLandscapeLeft UIInterfaceOrientationLandscapeRight";
				INFOPLIST_KEY_UISupportedInterfaceOrientations_iPhone = "UIInterfaceOrientationPortrait UIInterfaceOrientationLandscapeLeft UIInterfaceOrientationLandscapeRight";
				LD_RUNPATH_SEARCH_PATHS = (
					"$(inherited)",
					"@executable_path/Frameworks",
				);
				MARKETING_VERSION = 1.0;
				PRODUCT_BUNDLE_IDENTIFIER = com.DennisHeine.Trailblazer;
				PRODUCT_NAME = "$(TARGET_NAME)";
				SWIFT_EMIT_LOC_STRINGS = YES;
				SWIFT_VERSION = 5.0;
				TARGETED_DEVICE_FAMILY = "1,2";
			};
			name = Release;
		};
/* End XCBuildConfiguration section */

/* Begin XCConfigurationList section */
		CDA7CC8F2BA9039A00078822 /* Build configuration list for PBXProject "Trailblazer" */ = {
			isa = XCConfigurationList;
			buildConfigurations = (
				CDA7CCA02BA9039B00078822 /* Debug */,
				CDA7CCA12BA9039B00078822 /* Release */,
			);
			defaultConfigurationIsVisible = 0;
			defaultConfigurationName = Release;
		};
		CDA7CCA22BA9039B00078822 /* Build configuration list for PBXNativeTarget "Trailblazer" */ = {
			isa = XCConfigurationList;
			buildConfigurations = (
				CDA7CCA32BA9039B00078822 /* Debug */,
				CDA7CCA42BA9039B00078822 /* Release */,
			);
			defaultConfigurationIsVisible = 0;
			defaultConfigurationName = Release;
		};
/* End XCConfigurationList section */
	};
	rootObject = CDA7CC8C2BA9039A00078822 /* Project object */;
}
